
Microsoft Visual Studio Solution File, Format Version 12.00
# Visual Studio Version 17
VisualStudioVersion = 17.3.32819.101
MinimumVisualStudioVersion = 10.0.40219.1
Project("{2150E333-8FDC-42A3-9474-1A3956D46DE8}") = "src", "src", "{2B38E89D-C066-4539-B659-E52350E943E9}"
EndProject
Project("{2150E333-8FDC-42A3-9474-1A3956D46DE8}") = "building-blocks", "building-blocks", "{E300C5D6-F1CA-490D-A817-8A77A4E036A9}"
EndProject
Project("{2150E333-8FDC-42A3-9474-1A3956D46DE8}") = "services", "services", "{7B02B101-1ACE-4566-ADAC-394AF5B76BD5}"
EndProject
Project("{2150E333-8FDC-42A3-9474-1A3956D46DE8}") = "web", "web", "{F2C48571-03CD-4ADC-A334-41E94CE77628}"
EndProject
Project("{2150E333-8FDC-42A3-9474-1A3956D46DE8}") = "MVC", "MVC", "{DD628E18-962E-4742-8EA5-43F628E16CF3}"
EndProject
Project("{2150E333-8FDC-42A3-9474-1A3956D46DE8}") = "Identity", "Identity", "{4E52EDA4-4CD2-4F13-AFBD-8B38CBBCC8C5}"
EndProject
Project("{FAE04EC0-301F-11D3-BF4B-00C04F79EFBC}") = "PSE.Identity.API", "src\services\PSE.Identity.API\PSE.Identity.API.csproj", "{26C5E2D7-2774-4FE3-A1DA-18195799DBAB}"
EndProject
Project("{FAE04EC0-301F-11D3-BF4B-00C04F79EFBC}") = "PSE.WebApp.MVC", "src\web\PSE.WebApp.MVC\PSE.WebApp.MVC.csproj", "{F251E8CF-C274-43D4-AD4F-1F7F20D4F6A3}"
EndProject
Project("{2150E333-8FDC-42A3-9474-1A3956D46DE8}") = "Core", "Core", "{E61EB4B9-3721-498D-A1EB-CC685BF26A28}"
EndProject
Project("{FAE04EC0-301F-11D3-BF4B-00C04F79EFBC}") = "PSE.Core", "src\building-blocks\PSE.Core\PSE.Core.csproj", "{31B13D6B-FB4E-49D8-A5E2-974D601DA7B9}"
EndProject
Project("{FAE04EC0-301F-11D3-BF4B-00C04F79EFBC}") = "PSE.Basket.API", "src\services\PSE.Basket.API\PSE.Basket.API.csproj", "{EA3C81D6-1C8B-412E-ABB4-CE2A7A37395C}"
EndProject
Project("{FAE04EC0-301F-11D3-BF4B-00C04F79EFBC}") = "PSE.Catalog.API", "src\services\PSE.Catalog.API\PSE.Catalog.API.csproj", "{E50B0254-AF38-4DF7-908A-D00648448ABF}"
EndProject
Project("{FAE04EC0-301F-11D3-BF4B-00C04F79EFBC}") = "PSE.Client.API", "src\services\PSE.Client.API\PSE.Client.API.csproj", "{7FED0E4C-E328-4087-AD86-59F505934CBE}"
EndProject
Project("{FAE04EC0-301F-11D3-BF4B-00C04F79EFBC}") = "PSE.Payment.API", "src\services\PSE.Payment.API\PSE.Payment.API.csproj", "{93D5D246-1D78-4D14-A27E-DA4745875E0A}"
EndProject
Project("{FAE04EC0-301F-11D3-BF4B-00C04F79EFBC}") = "PSE.Order.API", "src\services\PSE.Order.API\PSE.Order.API.csproj", "{761F39D4-ED12-4AD4-9C43-B90D0012C46D}"
EndProject
Project("{2150E333-8FDC-42A3-9474-1A3956D46DE8}") = "Basket", "Basket", "{916F790E-C1B8-43AB-B06F-4D316A4E0D81}"
EndProject
Project("{2150E333-8FDC-42A3-9474-1A3956D46DE8}") = "Catalog", "Catalog", "{33165E56-135E-42E2-A368-B073B6473789}"
EndProject
Project("{2150E333-8FDC-42A3-9474-1A3956D46DE8}") = "Client", "Client", "{0226F3A6-DEEA-4E85-A0E5-2330E0BC90E1}"
EndProject
Project("{2150E333-8FDC-42A3-9474-1A3956D46DE8}") = "Order", "Order", "{1F479107-2800-4C55-97F5-5528E2F35420}"
EndProject
Project("{2150E333-8FDC-42A3-9474-1A3956D46DE8}") = "Payment", "Payment", "{BADDE42B-B2E2-435E-9FE4-34435399906E}"
EndProject
Global
	GlobalSection(SolutionConfigurationPlatforms) = preSolution
		Debug|Any CPU = Debug|Any CPU
		Release|Any CPU = Release|Any CPU
	EndGlobalSection
	GlobalSection(ProjectConfigurationPlatforms) = postSolution
		{26C5E2D7-2774-4FE3-A1DA-18195799DBAB}.Debug|Any CPU.ActiveCfg = Debug|Any CPU
		{26C5E2D7-2774-4FE3-A1DA-18195799DBAB}.Debug|Any CPU.Build.0 = Debug|Any CPU
		{26C5E2D7-2774-4FE3-A1DA-18195799DBAB}.Release|Any CPU.ActiveCfg = Release|Any CPU
		{26C5E2D7-2774-4FE3-A1DA-18195799DBAB}.Release|Any CPU.Build.0 = Release|Any CPU
		{F251E8CF-C274-43D4-AD4F-1F7F20D4F6A3}.Debug|Any CPU.ActiveCfg = Debug|Any CPU
		{F251E8CF-C274-43D4-AD4F-1F7F20D4F6A3}.Debug|Any CPU.Build.0 = Debug|Any CPU
		{F251E8CF-C274-43D4-AD4F-1F7F20D4F6A3}.Release|Any CPU.ActiveCfg = Release|Any CPU
		{F251E8CF-C274-43D4-AD4F-1F7F20D4F6A3}.Release|Any CPU.Build.0 = Release|Any CPU
		{31B13D6B-FB4E-49D8-A5E2-974D601DA7B9}.Debug|Any CPU.ActiveCfg = Debug|Any CPU
		{31B13D6B-FB4E-49D8-A5E2-974D601DA7B9}.Debug|Any CPU.Build.0 = Debug|Any CPU
		{31B13D6B-FB4E-49D8-A5E2-974D601DA7B9}.Release|Any CPU.ActiveCfg = Release|Any CPU
		{31B13D6B-FB4E-49D8-A5E2-974D601DA7B9}.Release|Any CPU.Build.0 = Release|Any CPU
		{EA3C81D6-1C8B-412E-ABB4-CE2A7A37395C}.Debug|Any CPU.ActiveCfg = Debug|Any CPU
		{EA3C81D6-1C8B-412E-ABB4-CE2A7A37395C}.Debug|Any CPU.Build.0 = Debug|Any CPU
		{EA3C81D6-1C8B-412E-ABB4-CE2A7A37395C}.Release|Any CPU.ActiveCfg = Release|Any CPU
		{EA3C81D6-1C8B-412E-ABB4-CE2A7A37395C}.Release|Any CPU.Build.0 = Release|Any CPU
		{E50B0254-AF38-4DF7-908A-D00648448ABF}.Debug|Any CPU.ActiveCfg = Debug|Any CPU
		{E50B0254-AF38-4DF7-908A-D00648448ABF}.Debug|Any CPU.Build.0 = Debug|Any CPU
		{E50B0254-AF38-4DF7-908A-D00648448ABF}.Release|Any CPU.ActiveCfg = Release|Any CPU
		{E50B0254-AF38-4DF7-908A-D00648448ABF}.Release|Any CPU.Build.0 = Release|Any CPU
		{7FED0E4C-E328-4087-AD86-59F505934CBE}.Debug|Any CPU.ActiveCfg = Debug|Any CPU
		{7FED0E4C-E328-4087-AD86-59F505934CBE}.Debug|Any CPU.Build.0 = Debug|Any CPU
		{7FED0E4C-E328-4087-AD86-59F505934CBE}.Release|Any CPU.ActiveCfg = Release|Any CPU
		{7FED0E4C-E328-4087-AD86-59F505934CBE}.Release|Any CPU.Build.0 = Release|Any CPU
		{93D5D246-1D78-4D14-A27E-DA4745875E0A}.Debug|Any CPU.ActiveCfg = Debug|Any CPU
		{93D5D246-1D78-4D14-A27E-DA4745875E0A}.Debug|Any CPU.Build.0 = Debug|Any CPU
		{93D5D246-1D78-4D14-A27E-DA4745875E0A}.Release|Any CPU.ActiveCfg = Release|Any CPU
		{93D5D246-1D78-4D14-A27E-DA4745875E0A}.Release|Any CPU.Build.0 = Release|Any CPU
		{761F39D4-ED12-4AD4-9C43-B90D0012C46D}.Debug|Any CPU.ActiveCfg = Debug|Any CPU
		{761F39D4-ED12-4AD4-9C43-B90D0012C46D}.Debug|Any CPU.Build.0 = Debug|Any CPU
		{761F39D4-ED12-4AD4-9C43-B90D0012C46D}.Release|Any CPU.ActiveCfg = Release|Any CPU
		{761F39D4-ED12-4AD4-9C43-B90D0012C46D}.Release|Any CPU.Build.0 = Release|Any CPU
	EndGlobalSection
	GlobalSection(SolutionProperties) = preSolution
		HideSolutionNode = FALSE
	EndGlobalSection
	GlobalSection(NestedProjects) = preSolution
		{E300C5D6-F1CA-490D-A817-8A77A4E036A9} = {2B38E89D-C066-4539-B659-E52350E943E9}
		{7B02B101-1ACE-4566-ADAC-394AF5B76BD5} = {2B38E89D-C066-4539-B659-E52350E943E9}
		{F2C48571-03CD-4ADC-A334-41E94CE77628} = {2B38E89D-C066-4539-B659-E52350E943E9}
		{DD628E18-962E-4742-8EA5-43F628E16CF3} = {F2C48571-03CD-4ADC-A334-41E94CE77628}
		{4E52EDA4-4CD2-4F13-AFBD-8B38CBBCC8C5} = {7B02B101-1ACE-4566-ADAC-394AF5B76BD5}
		{26C5E2D7-2774-4FE3-A1DA-18195799DBAB} = {4E52EDA4-4CD2-4F13-AFBD-8B38CBBCC8C5}
		{F251E8CF-C274-43D4-AD4F-1F7F20D4F6A3} = {DD628E18-962E-4742-8EA5-43F628E16CF3}
		{E61EB4B9-3721-498D-A1EB-CC685BF26A28} = {E300C5D6-F1CA-490D-A817-8A77A4E036A9}
		{31B13D6B-FB4E-49D8-A5E2-974D601DA7B9} = {E61EB4B9-3721-498D-A1EB-CC685BF26A28}
		{EA3C81D6-1C8B-412E-ABB4-CE2A7A37395C} = {916F790E-C1B8-43AB-B06F-4D316A4E0D81}
		{E50B0254-AF38-4DF7-908A-D00648448ABF} = {33165E56-135E-42E2-A368-B073B6473789}
		{7FED0E4C-E328-4087-AD86-59F505934CBE} = {0226F3A6-DEEA-4E85-A0E5-2330E0BC90E1}
		{93D5D246-1D78-4D14-A27E-DA4745875E0A} = {BADDE42B-B2E2-435E-9FE4-34435399906E}
		{761F39D4-ED12-4AD4-9C43-B90D0012C46D} = {1F479107-2800-4C55-97F5-5528E2F35420}
		{916F790E-C1B8-43AB-B06F-4D316A4E0D81} = {7B02B101-1ACE-4566-ADAC-394AF5B76BD5}
		{33165E56-135E-42E2-A368-B073B6473789} = {7B02B101-1ACE-4566-ADAC-394AF5B76BD5}
		{0226F3A6-DEEA-4E85-A0E5-2330E0BC90E1} = {7B02B101-1ACE-4566-ADAC-394AF5B76BD5}
		{1F479107-2800-4C55-97F5-5528E2F35420} = {7B02B101-1ACE-4566-ADAC-394AF5B76BD5}
		{BADDE42B-B2E2-435E-9FE4-34435399906E} = {7B02B101-1ACE-4566-ADAC-394AF5B76BD5}
	EndGlobalSection
	GlobalSection(ExtensibilityGlobals) = postSolution
		SolutionGuid = {1BBCF16E-9F23-4D87-AFA9-0FA06DB70892}
	EndGlobalSection
EndGlobal
